PODS:
  - CGMBLEKit (3.2.1):
    - LoopKit (~> 3.0.2)
    - ShareClient (~> 1.2.1)
  - cgmblekit_flutter (0.0.1):
    - CGMBLEKit (~> 3.2.1)
    - Flutter
  - Flutter (1.0.0)
  - LoopKit (3.0.2):
    - SwiftCharts (~> 0.6.5)
  - ShareClient (1.2.1):
    - LoopKit (~> 3.0.2)
  - SwiftCharts (0.6.5)

DEPENDENCIES:
  - cgmblekit_flutter (from `.symlinks/plugins/cgmblekit_flutter/ios`)
  - Flutter (from `Flutter`)

SPEC REPOS:
  https://github.com/CocoaPods/Specs.git:
    - SwiftCharts
  https://github.com/drewmacneil/loop_flutter_podspecs:
    - CGMBLEKit
    - LoopKit
    - ShareClient

EXTERNAL SOURCES:
  cgmblekit_flutter:
    :path: ".symlinks/plugins/cgmblekit_flutter/ios"
  Flutter:
    :path: Flutter

SPEC CHECKSUMS:
  CGMBLEKit: e16d140a4719daced017ac6a2accad9215d6e6a5
  cgmblekit_flutter: 5c83c0e3924fccfd699986f43340a752d68104e6
  Flutter: 434fef37c0980e73bb6479ef766c45957d4b510c
  LoopKit: 62ffd13ad8e27698a9bfb15f1b8a5671a85543bf
  ShareClient: 274fde6ef8d6ad3d12fa985b112b5e9f1c0e6b49
  SwiftCharts: 2e755ea292f0b87d3e4b2c1eb5afc080a20cdc15

PODFILE CHECKSUM: 05dc6b4272fa54c2aae1b0e2e8c0bfff25bf0ef4

COCOAPODS: 1.10.1
